// !$*UTF8*$!
{
	archiveVersion = 1;
	classes = {
	};
	objectVersion = 48;
	objects = {

/* Begin PBXBuildFile section */
		125B918120441062000DEF0D /* AppDelegate.swift in Sources */ = {isa = PBXBuildFile; fileRef = 125B918020441062000DEF0D /* AppDelegate.swift */; };
		125B918320441062000DEF0D /* ViewController.swift in Sources */ = {isa = PBXBuildFile; fileRef = 125B918220441062000DEF0D /* ViewController.swift */; };
		125B918620441062000DEF0D /* Main.storyboard in Resources */ = {isa = PBXBuildFile; fileRef = 125B918420441062000DEF0D /* Main.storyboard */; };
		125B918820441062000DEF0D /* Assets.xcassets in Resources */ = {isa = PBXBuildFile; fileRef = 125B918720441062000DEF0D /* Assets.xcassets */; };
		125B918B20441062000DEF0D /* LaunchScreen.storyboard in Resources */ = {isa = PBXBuildFile; fileRef = 125B918920441062000DEF0D /* LaunchScreen.storyboard */; };
		125B919620441062000DEF0D /* testJapanCardSDKTests.swift in Sources */ = {isa = PBXBuildFile; fileRef = 125B919520441062000DEF0D /* testJapanCardSDKTests.swift */; };
		125B91AF204410C0000DEF0D /* ViewController.swift in Sources */ = {isa = PBXBuildFile; fileRef = 125B918220441062000DEF0D /* ViewController.swift */; };
/* End PBXBuildFile section */

/* Begin PBXContainerItemProxy section */
		125B919220441062000DEF0D /* PBXContainerItemProxy */ = {
			isa = PBXContainerItemProxy;
			containerPortal = 125B917520441062000DEF0D /* Project object */;
			proxyType = 1;
			remoteGlobalIDString = 125B917C20441062000DEF0D;
			remoteInfo = testJapanCardSDK;
		};
/* End PBXContainerItemProxy section */

/* Begin PBXFileReference section */
		125B917D20441062000DEF0D /* testJapanCardSDK.app */ = {isa = PBXFileReference; explicitFileType = wrapper.application; includeInIndex = 0; path = testJapanCardSDK.app; sourceTree = BUILT_PRODUCTS_DIR; };
		125B918020441062000DEF0D /* AppDelegate.swift */ = {isa = PBXFileReference; lastKnownFileType = sourcecode.swift; path = AppDelegate.swift; sourceTree = "<group>"; };
		125B918220441062000DEF0D /* ViewController.swift */ = {isa = PBXFileReference; lastKnownFileType = sourcecode.swift; path = ViewController.swift; sourceTree = "<group>"; };
		125B918520441062000DEF0D /* Base */ = {isa = PBXFileReference; lastKnownFileType = file.storyboard; name = Base; path = Base.lproj/Main.storyboard; sourceTree = "<group>"; };
		125B918720441062000DEF0D /* Assets.xcassets */ = {isa = PBXFileReference; lastKnownFileType = folder.assetcatalog; path = Assets.xcassets; sourceTree = "<group>"; };
		125B918A20441062000DEF0D /* Base */ = {isa = PBXFileReference; lastKnownFileType = file.storyboard; name = Base; path = Base.lproj/LaunchScreen.storyboard; sourceTree = "<group>"; };
		125B918C20441062000DEF0D /* Info.plist */ = {isa = PBXFileReference; lastKnownFileType = text.plist.xml; path = Info.plist; sourceTree = "<group>"; };
		125B919120441062000DEF0D /* testJapanCardSDKTests.xctest */ = {isa = PBXFileReference; explicitFileType = wrapper.cfbundle; includeInIndex = 0; path = testJapanCardSDKTests.xctest; sourceTree = BUILT_PRODUCTS_DIR; };
		125B919520441062000DEF0D /* testJapanCardSDKTests.swift */ = {isa = PBXFileReference; lastKnownFileType = sourcecode.swift; path = testJapanCardSDKTests.swift; sourceTree = "<group>"; };
		125B919720441062000DEF0D /* Info.plist */ = {isa = PBXFileReference; lastKnownFileType = text.plist.xml; path = Info.plist; sourceTree = "<group>"; };
/* End PBXFileReference section */

/* Begin PBXFrameworksBuildPhase section */
		125B917A20441062000DEF0D /* Frameworks */ = {
			isa = PBXFrameworksBuildPhase;
			buildActionMask = 2147483647;
			files = (
			);
			runOnlyForDeploymentPostprocessing = 0;
		};
		125B918E20441062000DEF0D /* Frameworks */ = {
			isa = PBXFrameworksBuildPhase;
			buildActionMask = 2147483647;
			files = (
			);
			runOnlyForDeploymentPostprocessing = 0;
		};
/* End PBXFrameworksBuildPhase section */

/* Begin PBXGroup section */
		125B917420441062000DEF0D = {
			isa = PBXGroup;
			children = (
				125B917F20441062000DEF0D /* testJapanCardSDK */,
				125B919420441062000DEF0D /* testJapanCardSDKTests */,
				125B917E20441062000DEF0D /* Products */,
			);
			sourceTree = "<group>";
		};
		125B917E20441062000DEF0D /* Products */ = {
			isa = PBXGroup;
			children = (
				125B917D20441062000DEF0D /* testJapanCardSDK.app */,
				125B919120441062000DEF0D /* testJapanCardSDKTests.xctest */,
			);
			name = Products;
			sourceTree = "<group>";
		};
		125B917F20441062000DEF0D /* testJapanCardSDK */ = {
			isa = PBXGroup;
			children = (
				125B918020441062000DEF0D /* AppDelegate.swift */,
				125B918220441062000DEF0D /* ViewController.swift */,
				125B918420441062000DEF0D /* Main.storyboard */,
				125B918720441062000DEF0D /* Assets.xcassets */,
				125B918920441062000DEF0D /* LaunchScreen.storyboard */,
				125B918C20441062000DEF0D /* Info.plist */,
			);
			path = testJapanCardSDK;
			sourceTree = "<group>";
		};
		125B919420441062000DEF0D /* testJapanCardSDKTests */ = {
			isa = PBXGroup;
			children = (
				125B919520441062000DEF0D /* testJapanCardSDKTests.swift */,
				125B919720441062000DEF0D /* Info.plist */,
			);
			path = testJapanCardSDKTests;
			sourceTree = "<group>";
		};
/* End PBXGroup section */

/* Begin PBXNativeTarget section */
		125B917C20441062000DEF0D /* testJapanCardSDK */ = {
			isa = PBXNativeTarget;
			buildConfigurationList = 125B919A20441062000DEF0D /* Build configuration list for PBXNativeTarget "testJapanCardSDK" */;
			buildPhases = (
				125B917920441062000DEF0D /* Sources */,
				125B917A20441062000DEF0D /* Frameworks */,
				125B917B20441062000DEF0D /* Resources */,
			);
			buildRules = (
			);
			dependencies = (
			);
			name = testJapanCardSDK;
			productName = testJapanCardSDK;
			productReference = 125B917D20441062000DEF0D /* testJapanCardSDK.app */;
			productType = "com.apple.product-type.application";
		};
		125B919020441062000DEF0D /* testJapanCardSDKTests */ = {
			isa = PBXNativeTarget;
			buildConfigurationList = 125B919D20441062000DEF0D /* Build configuration list for PBXNativeTarget "testJapanCardSDKTests" */;
			buildPhases = (
				125B918D20441062000DEF0D /* Sources */,
				125B918E20441062000DEF0D /* Frameworks */,
				125B918F20441062000DEF0D /* Resources */,
			);
			buildRules = (
			);
			dependencies = (
				125B919320441062000DEF0D /* PBXTargetDependency */,
			);
			name = testJapanCardSDKTests;
			productName = testJapanCardSDKTests;
			productReference = 125B919120441062000DEF0D /* testJapanCardSDKTests.xctest */;
			productType = "com.apple.product-type.bundle.unit-test";
		};
/* End PBXNativeTarget section */

/* Begin PBXProject section */
		125B917520441062000DEF0D /* Project object */ = {
			isa = PBXProject;
			attributes = {
				LastSwiftUpdateCheck = 0920;
				LastUpgradeCheck = 0920;
				ORGANIZATIONNAME = darrenChiang;
				TargetAttributes = {
					125B917C20441062000DEF0D = {
						CreatedOnToolsVersion = 9.2;
						ProvisioningStyle = Automatic;
					};
					125B919020441062000DEF0D = {
						CreatedOnToolsVersion = 9.2;
						ProvisioningStyle = Automatic;
						TestTargetID = 125B917C20441062000DEF0D;
					};
				};
			};
			buildConfigurationList = 125B917820441062000DEF0D /* Build configuration list for PBXProject "testJapanCardSDK" */;
			compatibilityVersion = "Xcode 8.0";
			developmentRegion = en;
			hasScannedForEncodings = 0;
			knownRegions = (
				en,
				Base,
			);
			mainGroup = 125B917420441062000DEF0D;
			productRefGroup = 125B917E20441062000DEF0D /* Products */;
			projectDirPath = "";
			projectRoot = "";
			targets = (
				125B917C20441062000DEF0D /* testJapanCardSDK */,
				125B919020441062000DEF0D /* testJapanCardSDKTests */,
			);
		};
/* End PBXProject section */

/* Begin PBXResourcesBuildPhase section */
		125B917B20441062000DEF0D /* Resources */ = {
			isa = PBXResourcesBuildPhase;
			buildActionMask = 2147483647;
			files = (
				125B918B20441062000DEF0D /* LaunchScreen.storyboard in Resources */,
				125B918820441062000DEF0D /* Assets.xcassets in Resources */,
				125B918620441062000DEF0D /* Main.storyboard in Resources */,
			);
			runOnlyForDeploymentPostprocessing = 0;
		};
		125B918F20441062000DEF0D /* Resources */ = {
			isa = PBXResourcesBuildPhase;
			buildActionMask = 2147483647;
			files = (
			);
			runOnlyForDeploymentPostprocessing = 0;
		};
/* End PBXResourcesBuildPhase section */

/* Begin PBXSourcesBuildPhase section */
		125B917920441062000DEF0D /* Sources */ = {
			isa = PBXSourcesBuildPhase;
			buildActionMask = 2147483647;
			files = (
				125B918320441062000DEF0D /* ViewController.swift in Sources */,
				125B918120441062000DEF0D /* AppDelegate.swift in Sources */,
			);
			runOnlyForDeploymentPostprocessing = 0;
		};
		125B918D20441062000DEF0D /* Sources */ = {
			isa = PBXSourcesBuildPhase;
			buildActionMask = 2147483647;
			files = (
				125B91AF204410C0000DEF0D /* ViewController.swift in Sources */,
				125B919620441062000DEF0D /* testJapanCardSDKTests.swift in Sources */,
			);
			runOnlyForDeploymentPostprocessing = 0;
		};
/* End PBXSourcesBuildPhase section */

/* Begin PBXTargetDependency section */
		125B919320441062000DEF0D /* PBXTargetDependency */ = {
			isa = PBXTargetDependency;
			target = 125B917C20441062000DEF0D /* testJapanCardSDK */;
			targetProxy = 125B919220441062000DEF0D /* PBXContainerItemProxy */;
		};
/* End PBXTargetDependency section */

/* Begin PBXVariantGroup section */
		125B918420441062000DEF0D /* Main.storyboard */ = {
			isa = PBXVariantGroup;
			children = (
				125B918520441062000DEF0D /* Base */,
			);
			name = Main.storyboard;
			sourceTree = "<group>";
		};
		125B918920441062000DEF0D /* LaunchScreen.storyboard */ = {
			isa = PBXVariantGroup;
			children = (
				125B918A20441062000DEF0D /* Base */,
			);
			name = LaunchScreen.storyboard;
			sourceTree = "<group>";
		};
/* End PBXVariantGroup section */

/* Begin XCBuildConfiguration section */
		125B919820441062000DEF0D /* Debug */ = {
			isa = XCBuildConfiguration;
			buildSettings = {
				ALWAYS_SEARCH_USER_PATHS = NO;
				CLANG_ANALYZER_NONNULL = YES;
				CLANG_ANALYZER_NUMBER_OBJECT_CONVERSION = YES_AGGRESSIVE;
				CLANG_CXX_LANGUAGE_STANDARD = "gnu++14";
				CLANG_CXX_LIBRARY = "libc++";
				CLANG_ENABLE_MODULES = YES;
				CLANG_ENABLE_OBJC_ARC = YES;
				CLANG_WARN_BLOCK_CAPTURE_AUTORELEASING = YES;
				CLANG_WARN_BOOL_CONVERSION = YES;
				CLANG_WARN_COMMA = YES;
				CLANG_WARN_CONSTANT_CONVERSION = YES;
				CLANG_WARN_DIRECT_OBJC_ISA_USAGE = YES_ERROR;
				CLANG_WARN_DOCUMENTATION_COMMENTS = YES;
				CLANG_WARN_EMPTY_BODY = YES;
				CLANG_WARN_ENUM_CONVERSION = YES;
				CLANG_WARN_INFINITE_RECURSION = YES;
				CLANG_WARN_INT_CONVERSION = YES;
				CLANG_WARN_NON_LITERAL_NULL_CONVERSION = YES;
				CLANG_WARN_OBJC_LITERAL_CONVERSION = YES;
				CLANG_WARN_OBJC_ROOT_CLASS = YES_ERROR;
				CLANG_WARN_RANGE_LOOP_ANALYSIS = YES;
				CLANG_WARN_STRICT_PROTOTYPES = YES;
				CLANG_WARN_SUSPICIOUS_MOVE = YES;
				CLANG_WARN_UNGUARDED_AVAILABILITY = YES_AGGRESSIVE;
				CLANG_WARN_UNREACHABLE_CODE = YES;
				CLANG_WARN__DUPLICATE_METHOD_MATCH = YES;
				CODE_SIGN_IDENTITY = "iPhone Developer";
				COPY_PHASE_STRIP = NO;
				DEBUG_INFORMATION_FORMAT = dwarf;
				ENABLE_STRICT_OBJC_MSGSEND = YES;
				ENABLE_TESTABILITY = YES;
				GCC_C_LANGUAGE_STANDARD = gnu11;
				GCC_DYNAMIC_NO_PIC = NO;
				GCC_NO_COMMON_BLOCKS = YES;
				GCC_OPTIMIZATION_LEVEL = 0;
				GCC_PREPROCESSOR_DEFINITIONS = (
					"DEBUG=1",
					"$(inherited)",
				);
				GCC_WARN_64_TO_32_BIT_CONVERSION = YES;
				GCC_WARN_ABOUT_RETURN_TYPE = YES_ERROR;
				GCC_WARN_UNDECLARED_SELECTOR = YES;
				GCC_WARN_UNINITIALIZED_AUTOS = YES_AGGRESSIVE;
				GCC_WARN_UNUSED_FUNCTION = YES;
				GCC_WARN_UNUSED_VARIABLE = YES;
				IPHONEOS_DEPLOYMENT_TARGET = 11.2;
				MTL_ENABLE_DEBUG_INFO = YES;
				ONLY_ACTIVE_ARCH = YES;
				SDKROOT = iphoneos;
				SWIFT_ACTIVE_COMPILATION_CONDITIONS = DEBUG;
				SWIFT_OPTIMIZATION_LEVEL = "-Onone";
			};
			name = Debug;
		};
		125B919920441062000DEF0D /* Release */ = {
			isa = XCBuildConfiguration;
			buildSettings = {
				ALWAYS_SEARCH_USER_PATHS = NO;
				CLANG_ANALYZER_NONNULL = YES;
				CLANG_ANALYZER_NUMBER_OBJECT_CONVERSION = YES_AGGRESSIVE;
				CLANG_CXX_LANGUAGE_STANDARD = "gnu++14";
				CLANG_CXX_LIBRARY = "libc++";
				CLANG_ENABLE_MODULES = YES;
				CLANG_ENABLE_OBJC_ARC = YES;
				CLANG_WARN_BLOCK_CAPTURE_AUTORELEASING = YES;
				CLANG_WARN_BOOL_CONVERSION = YES;
				CLANG_WARN_COMMA = YES;
				CLANG_WARN_CONSTANT_CONVERSION = YES;
				CLANG_WARN_DIRECT_OBJC_ISA_USAGE = YES_ERROR;
				CLANG_WARN_DOCUMENTATION_COMMENTS = YES;
				CLANG_WARN_EMPTY_BODY = YES;
				CLANG_WARN_ENUM_CONVERSION = YES;
				CLANG_WARN_INFINITE_RECURSION = YES;
				CLANG_WARN_INT_CONVERSION = YES;
				CLANG_WARN_NON_LITERAL_NULL_CONVERSION = YES;
				CLANG_WARN_OBJC_LITERAL_CONVERSION = YES;
				CLANG_WARN_OBJC_ROOT_CLASS = YES_ERROR;
				CLANG_WARN_RANGE_LOOP_ANALYSIS = YES;
				CLANG_WARN_STRICT_PROTOTYPES = YES;
				CLANG_WARN_SUSPICIOUS_MOVE = YES;
				CLANG_WARN_UNGUARDED_AVAILABILITY = YES_AGGRESSIVE;
				CLANG_WARN_UNREACHABLE_CODE = YES;
				CLANG_WARN__DUPLICATE_METHOD_MATCH = YES;
				CODE_SIGN_IDENTITY = "iPhone Developer";
				COPY_PHASE_STRIP = NO;
				DEBUG_INFORMATION_FORMAT = "dwarf-with-dsym";
				ENABLE_NS_ASSERTIONS = NO;
				ENABLE_STRICT_OBJC_MSGSEND = YES;
				GCC_C_LANGUAGE_STANDARD = gnu11;
				GCC_NO_COMMON_BLOCKS = YES;
				GCC_WARN_64_TO_32_BIT_CONVERSION = YES;
				GCC_WARN_ABOUT_RETURN_TYPE = YES_ERROR;
				GCC_WARN_UNDECLARED_SELECTOR = YES;
				GCC_WARN_UNINITIALIZED_AUTOS = YES_AGGRESSIVE;
				GCC_WARN_UNUSED_FUNCTION = YES;
				GCC_WARN_UNUSED_VARIABLE = YES;
				IPHONEOS_DEPLOYMENT_TARGET = 11.2;
				MTL_ENABLE_DEBUG_INFO = NO;
				SDKROOT = iphoneos;
				SWIFT_OPTIMIZATION_LEVEL = "-Owholemodule";
				VALIDATE_PRODUCT = YES;
			};
			name = Release;
		};
		125B919B20441062000DEF0D /* Debug */ = {
			isa = XCBuildConfiguration;
			buildSettings = {
				ASSETCATALOG_COMPILER_APPICON_NAME = AppIcon;
				CODE_SIGN_STYLE = Automatic;
				FRAMEWORK_SEARCH_PATHS = (
					"$(inherited)",
					"$(PROJECT_DIR)",
				);
				INFOPLIST_FILE = testJapanCardSDK/Info.plist;
				LD_RUNPATH_SEARCH_PATHS = "$(inherited) @executable_path/Frameworks";
				LIBRARY_SEARCH_PATHS = (
					"$(inherited)",
					"$(PROJECT_DIR)",
					"$(PROJECT_DIR)/prod",
					"$(PROJECT_DIR)/test",
				);
				PRODUCT_BUNDLE_IDENTIFIER = com.EIMI.test.testJapanCardSDK;
				PRODUCT_NAME = "$(TARGET_NAME)";
				SWIFT_VERSION = 4.0;
				TARGETED_DEVICE_FAMILY = "1,2";
			};
			name = Debug;
		};
		125B919C20441062000DEF0D /* Release */ = {
			isa = XCBuildConfiguration;
			buildSettings = {
				ASSETCATALOG_COMPILER_APPICON_NAME = AppIcon;
				CODE_SIGN_STYLE = Automatic;
				FRAMEWORK_SEARCH_PATHS = (
					"$(inherited)",
					"$(PROJECT_DIR)",
				);
				INFOPLIST_FILE = testJapanCardSDK/Info.plist;
				LD_RUNPATH_SEARCH_PATHS = "$(inherited) @executable_path/Frameworks";
				LIBRARY_SEARCH_PATHS = (
					"$(inherited)",
					"$(PROJECT_DIR)",
					"$(PROJECT_DIR)/prod",
					"$(PROJECT_DIR)/test",
				);
				PRODUCT_BUNDLE_IDENTIFIER = com.EIMI.test.testJapanCardSDK;
				PRODUCT_NAME = "$(TARGET_NAME)";
				SWIFT_VERSION = 4.0;
				TARGETED_DEVICE_FAMILY = "1,2";
			};
			name = Release;
		};
		125B919E20441062000DEF0D /* Debug */ = {
			isa = XCBuildConfiguration;
			buildSettings = {
				ALWAYS_EMBED_SWIFT_STANDARD_LIBRARIES = YES;
				BUNDLE_LOADER = "$(TEST_HOST)";
				CODE_SIGN_STYLE = Automatic;
				INFOPLIST_FILE = testJapanCardSDKTests/Info.plist;
				LD_RUNPATH_SEARCH_PATHS = "$(inherited) @executable_path/Frameworks @loader_path/Frameworks";
				PRODUCT_BUNDLE_IDENTIFIER = com.EIMI.test.testJapanCardSDKTests;
				PRODUCT_NAME = "$(TARGET_NAME)";
				SWIFT_VERSION = 4.0;
				TARGETED_DEVICE_FAMILY = "1,2";
				TEST_HOST = "$(BUILT_PRODUCTS_DIR)/testJapanCardSDK.app/testJapanCardSDK";
			};
			name = Debug;
		};
		125B919F20441062000DEF0D /* Release */ = {
			isa = XCBuildConfiguration;
			buildSettings = {
				ALWAYS_EMBED_SWIFT_STANDARD_LIBRARIES = YES;
				BUNDLE_LOADER = "$(TEST_HOST)";
				CODE_SIGN_STYLE = Automatic;
				INFOPLIST_FILE = testJapanCardSDKTests/Info.plist;
				LD_RUNPATH_SEARCH_PATHS = "$(inherited) @executable_path/Frameworks @loader_path/Frameworks";
				PRODUCT_BUNDLE_IDENTIFIER = com.EIMI.test.testJapanCardSDKTests;
				PRODUCT_NAME = "$(TARGET_NAME)";
				SWIFT_VERSION = 4.0;
				TARGETED_DEVICE_FAMILY = "1,2";
				TEST_HOST = "$(BUILT_PRODUCTS_DIR)/testJapanCardSDK.app/testJapanCardSDK";
			};
			name = Release;
		};
/* End XCBuildConfiguration section */

/* Begin XCConfigurationList section */
		125B917820441062000DEF0D /* Build configuration list for PBXProject "testJapanCardSDK" */ = {
			isa = XCConfigurationList;
			buildConfigurations = (
				125B919820441062000DEF0D /* Debug */,
				125B919920441062000DEF0D /* Release */,
			);
			defaultConfigurationIsVisible = 0;
			defaultConfigurationName = Release;
		};
		125B919A20441062000DEF0D /* Build configuration list for PBXNativeTarget "testJapanCardSDK" */ = {
			isa = XCConfigurationList;
			buildConfigurations = (
				125B919B20441062000DEF0D /* Debug */,
				125B919C20441062000DEF0D /* Release */,
			);
			defaultConfigurationIsVisible = 0;
			defaultConfigurationName = Release;
		};
		125B919D20441062000DEF0D /* Build configuration list for PBXNativeTarget "testJapanCardSDKTests" */ = {
			isa = XCConfigurationList;
			buildConfigurations = (
				125B919E20441062000DEF0D /* Debug */,
				125B919F20441062000DEF0D /* Release */,
			);
			defaultConfigurationIsVisible = 0;
			defaultConfigurationName = Release;
		};
/* End XCConfigurationList section */
	};
	rootObject = 125B917520441062000DEF0D /* Project object */;
}
